# THIS IS AN AUTOGENERATED FILE. DO NOT EDIT THIS FILE DIRECTLY.
# yarn lockfile v1


"@types/getos@^3.0.0":
  version "3.0.0"
  resolved "https://registry.yarnpkg.com/@types/getos/-/getos-3.0.0.tgz#582c758e99e9d634f31f471faf7ce59cf1c39a71"
  integrity sha512-g5O9kykBPMaK5USwU+zM5AyXaztqbvHjSQ7HaBjqgO3f5lKGChkRhLP58Z/Nrr4RBGNNPrBcJkWZwnmbmi9YjQ==

"@types/node@^12.7.8":
  version "12.7.8"
  resolved "https://registry.yarnpkg.com/@types/node/-/node-12.7.8.tgz#cb1bf6800238898bc2ff6ffa5702c3cadd350708"
  integrity sha512-FMdVn84tJJdV+xe+53sYiZS4R5yn1mAIxfj+DVoNiQjTYz1+OYmjwEZr1ev9nU0axXwda0QDbYl06QHanRVH3A==

async@2.6.1:
  version "2.6.1"
  resolved "https://registry.yarnpkg.com/async/-/async-2.6.1.tgz#b245a23ca71930044ec53fa46aa00a3e87c6a610"
  integrity sha512-fNEiL2+AZt6AlAw/29Cr0UDe4sRAHCpEHh54WMz+Bb7QfNcFw4h3loofyJpLeQs4Yx7yuqu/2dLgM5hKOs6HlQ==
  dependencies:
    lodash "^4.17.10"

colors@^1.4.0:
  version "1.4.0"
  resolved "https://registry.yarnpkg.com/colors/-/colors-1.4.0.tgz#c50491479d4c1bdaed2c9ced32cf7c7dc2360f78"
  integrity sha512-a+UqTh4kgZg/SlGvfbzDHpgRu7AAQOmmqRHJnxhRZICKFUT91brVhNNt58CMWU9PsBbv3PDCZUHbVxuDiH2mtA==

getos@^3.1.1:
  version "3.1.1"
  resolved "https://registry.yarnpkg.com/getos/-/getos-3.1.1.tgz#967a813cceafee0156b0483f7cffa5b3eff029c5"
  integrity sha512-oUP1rnEhAr97rkitiszGP9EgDVYnmchgFzfqRzSkgtfv7ai6tEi7Ko8GgjNXts7VLWEqrTWyhsOKLe5C5b/Zkg==
  dependencies:
    async "2.6.1"

lodash@^4.17.10:
  version "4.17.21"
  resolved "https://registry.yarnpkg.com/lodash/-/lodash-4.17.21.tgz#679591c564c3bffaae8454cf0b3df370c3d6911c"
  integrity sha512-v2kDEe57lecTulaDIuNTPy3Ry4gLGJ6Z1O3vE1krgXZNrsQ+LFTGHVxVjcXPs17LhbZVGedAJv8XZ1tvj5FvSg==

systeminformation@^4.14.8:
  version "4.14.8"
  resolved "https://registry.yarnpkg.com/systeminformation/-/systeminformation-4.14.8.tgz#ebb9580e4da98daf438839e65b9c29d9869226a6"
  integrity sha512-05wW1YaMBI6LlVtvw2wXQGr0thpX8E0IImYcpbqUiNanfmq8e+V89pDW2L5V/mN8kU37W0VtVySftQ0PwMIXKw==
